Microsoft Visual Studio Solution File, Format Version 12.00
# Visual Studio Version 17
VisualStudioVersion = 17.5.2.0
MinimumVisualStudioVersion = 10.0.40219.1
Project("{FAE04EC0-301F-11D3-BF4B-00C04F79EFBC}") = "c-sharp-methods", "c-sharp-methods.csproj", "{338818ED-807A-AF10-2A1E-F321BF19541A}"
EndProject
Global
	GlobalSection(SolutionConfigurationPlatforms) = preSolution
		Debug|Any CPU = Debug|Any CPU
		Release|Any CPU = Release|Any CPU
	EndGlobalSection
	GlobalSection(ProjectConfigurationPlatforms) = postSolution
		{338818ED-807A-AF10-2A1E-F321BF19541A}.Debug|Any CPU.ActiveCfg = Debug|Any CPU
		{338818ED-807A-AF10-2A1E-F321BF19541A}.Debug|Any CPU.Build.0 = Debug|Any CPU
		{338818ED-807A-AF10-2A1E-F321BF19541A}.Release|Any CPU.ActiveCfg = Release|Any CPU
		{338818ED-807A-AF10-2A1E-F321BF19541A}.Release|Any CPU.Build.0 = Release|Any CPU
	EndGlobalSection
	GlobalSection(SolutionProperties) = preSolution
		HideSolutionNode = FALSE
	EndGlobalSection
	GlobalSection(ExtensibilityGlobals) = postSolution
		SolutionGuid = {CF928953-C2CA-4459-A48B-E64479D794D9}
	EndGlobalSection
EndGlobal
